PODS:
  - Cuckoo (1.4.1):
    - Cuckoo/Swift (= 1.4.1)
  - Cuckoo/Swift (1.4.1)
  - CurrencyKit.swift (1.0):
    - LanguageKit.swift (~> 1.0)
    - RxSwift (~> 5.0)
    - SectionsTableView.swift (~> 1.1)
    - StorageKit.swift (~> 1.0)
    - ThemeKit.swift (~> 1.0)
  - HUD.swift (1.2):
    - SnapKit (~> 5.0)
    - UIExtensions.swift (~> 1.1.1)
  - KeychainAccess (4.2.1)
  - LanguageKit.swift (1.0):
    - UIExtensions.swift (~> 1.1)
  - ModuleKit.swift (1.0):
    - LanguageKit.swift (~> 1.0)
    - SectionsTableView.swift (~> 1.1)
    - ThemeKit.swift (~> 1.0)
    - UIExtensions.swift (~> 1.1)
  - Nimble (9.0.0)
  - PinKit.swift (1.0):
    - LanguageKit.swift (~> 1.0)
    - RxSwift
    - StorageKit.swift (~> 1.0)
    - ThemeKit.swift (~> 1.0)
    - UIExtensions.swift (~> 1.1)
  - Quick (3.0.0)
  - RxBlocking (5.1.1):
    - RxSwift (~> 5)
  - RxSwift (5.1.1)
  - SectionsTableView.swift (1.1):
    - SnapKit (~> 5.0)
    - UIExtensions.swift (~> 1.1.1)
  - SkeletonView (1.11.0)
  - SnapKit (5.0.1)
  - StorageKit.swift (1.0):
    - KeychainAccess (~> 4.1)
    - LanguageKit.swift (~> 1.0)
    - ThemeKit.swift (~> 1.0)
  - ThemeKit.swift (1.0):
    - HUD.swift (~> 1.2)
    - LanguageKit.swift (~> 1.0)
    - SkeletonView (~> 1.11)
    - SnapKit (~> 5.0)
    - UIExtensions.swift (~> 1.1)
  - UIExtensions.swift (1.1.1)

DEPENDENCIES:
  - Cuckoo
  - CurrencyKit.swift (from `../`)
  - HUD.swift (from `https://github.com/horizontalsystems/gui-kit/`)
  - LanguageKit.swift (from `../`)
  - ModuleKit.swift (from `../`)
  - Nimble
  - PinKit.swift (from `../`)
  - Quick
  - RxBlocking (~> 5.0)
  - SectionsTableView.swift (from `https://github.com/horizontalsystems/gui-kit/`)
  - StorageKit.swift (from `../`)
  - ThemeKit.swift (from `../`)
  - UIExtensions.swift (from `https://github.com/horizontalsystems/gui-kit/`)

SPEC REPOS:
  trunk:
    - Cuckoo
    - KeychainAccess
    - Nimble
    - Quick
    - RxBlocking
    - RxSwift
    - SkeletonView
    - SnapKit

EXTERNAL SOURCES:
  CurrencyKit.swift:
    :path: "../"
  HUD.swift:
    :git: https://github.com/horizontalsystems/gui-kit/
  LanguageKit.swift:
    :path: "../"
  ModuleKit.swift:
    :path: "../"
  PinKit.swift:
    :path: "../"
  SectionsTableView.swift:
    :git: https://github.com/horizontalsystems/gui-kit/
  StorageKit.swift:
    :path: "../"
  ThemeKit.swift:
    :path: "../"
  UIExtensions.swift:
    :git: https://github.com/horizontalsystems/gui-kit/

CHECKOUT OPTIONS:
  HUD.swift:
    :commit: 392186c18e8df97d40ca0f4587d857259d878dd4
    :git: https://github.com/horizontalsystems/gui-kit/
  SectionsTableView.swift:
    :commit: 392186c18e8df97d40ca0f4587d857259d878dd4
    :git: https://github.com/horizontalsystems/gui-kit/
  UIExtensions.swift:
    :commit: 392186c18e8df97d40ca0f4587d857259d878dd4
    :git: https://github.com/horizontalsystems/gui-kit/

SPEC CHECKSUMS:
  Cuckoo: 4625f7f54d9bb880123270e8969898d6c1d036b5
  CurrencyKit.swift: c1a37e0e43eac3828be95c8348693f192d67b376
  HUD.swift: 0260e8e89a290380fd23d95002b0ddbea890b6c9
  KeychainAccess: 9b07f665298d13c3a85881bd3171f6f49b8151c1
  LanguageKit.swift: 8ca8b99dd6250a13cf481b637e0d9d16f7389a74
  ModuleKit.swift: 60a85485efe4cab836d53a77eacc72cb98328936
  Nimble: 3b4ec3fd40f1dc178058e0981107721c615643d8
  PinKit.swift: 1acbf82ce5114972f1eb9a5a0c1b808dc08ad12e
  Quick: 6d9559f40647bc4d510103842ef2fdd882d753e2
  RxBlocking: 5f700a78cad61ce253ebd37c9a39b5ccc76477b4
  RxSwift: 81470a2074fa8780320ea5fe4102807cb7118178
  SectionsTableView.swift: 1541226d2cff974a131cfc2df3b8908d4902d703
  SkeletonView: cc84ce90a804dd0dd7198dd802833411c8a64eaf
  SnapKit: 97b92857e3df3a0c71833cce143274bf6ef8e5eb
  StorageKit.swift: 1b618d59978510ac2f32971a01f87e54cddbe0da
  ThemeKit.swift: 8f61fc73aeebccb9e4bf4976dbdc60046e81300b
  UIExtensions.swift: 3ed084c0343ddd0f86c7c558d37759e1fd7d5778

PODFILE CHECKSUM: 462ef13a823392e553dbb445f7a1e92532186ec1

COCOAPODS: 1.10.0
