PODS:
  - Cuckoo (1.3.2):
    - Cuckoo/Swift (= 1.3.2)
  - Cuckoo/Swift (1.3.2)
  - CurrencyKit.swift (1.0):
    - LanguageKit.swift (~> 1.0)
    - RxSwift (~> 5.0)
    - SectionsTableView.swift (~> 1.1)
    - StorageKit.swift (~> 1.0)
    - ThemeKit.swift (~> 1.0)
  - HUD.swift (1.2):
    - SnapKit (~> 5.0)
    - UIExtensions.swift (~> 1.1.1)
  - KeychainAccess (4.1.0)
  - LanguageKit.swift (1.0):
    - UIExtensions.swift (~> 1.1)
  - ModuleKit.swift (1.0):
    - LanguageKit.swift (~> 1.0)
    - SectionsTableView.swift (~> 1.1)
    - ThemeKit.swift (~> 1.0)
    - UIExtensions.swift (~> 1.1)
  - Nimble (8.0.5)
  - PinKit.swift (1.0):
    - LanguageKit.swift (~> 1.0)
    - RxSwift
    - StorageKit.swift (~> 1.0)
    - ThemeKit.swift (~> 1.0)
    - UIExtensions.swift (~> 1.1)
  - Quick (2.2.0)
  - RxBlocking (5.0.1):
    - RxSwift (~> 5)
  - RxSwift (5.0.1)
  - SectionsTableView.swift (1.1):
    - SnapKit (~> 5.0)
    - UIExtensions.swift (~> 1.1)
  - SnapKit (5.0.1)
  - StorageKit.swift (1.0):
    - KeychainAccess (~> 4.1)
    - LanguageKit.swift (~> 1.0)
    - ThemeKit.swift (~> 1.0)
  - ThemeKit.swift (1.0):
    - HUD.swift (~> 1.2)
    - LanguageKit.swift (~> 1.0)
    - SnapKit (~> 5.0)
    - UIExtensions.swift (~> 1.1)
  - UIExtensions.swift (1.1.1)

DEPENDENCIES:
  - Cuckoo
  - CurrencyKit.swift (from `../`)
  - HUD.swift (from `https://github.com/horizontalsystems/gui-kit/`)
  - LanguageKit.swift (from `../`)
  - ModuleKit.swift (from `../`)
  - Nimble
  - PinKit.swift (from `../`)
  - Quick
  - RxBlocking (~> 5.0)
  - StorageKit.swift (from `../`)
  - ThemeKit.swift (from `../`)
  - UIExtensions.swift (from `https://github.com/horizontalsystems/gui-kit/`)

SPEC REPOS:
  trunk:
    - Cuckoo
    - KeychainAccess
    - Nimble
    - Quick
    - RxBlocking
    - RxSwift
    - SectionsTableView.swift
    - SnapKit

EXTERNAL SOURCES:
  CurrencyKit.swift:
    :path: "../"
  HUD.swift:
    :git: https://github.com/horizontalsystems/gui-kit/
  LanguageKit.swift:
    :path: "../"
  ModuleKit.swift:
    :path: "../"
  PinKit.swift:
    :path: "../"
  StorageKit.swift:
    :path: "../"
  ThemeKit.swift:
    :path: "../"
  UIExtensions.swift:
    :git: https://github.com/horizontalsystems/gui-kit/

CHECKOUT OPTIONS:
  HUD.swift:
    :commit: e50f6e0d05b8769f3e4e038a29e454f7ef109823
    :git: https://github.com/horizontalsystems/gui-kit/
  UIExtensions.swift:
    :commit: 4356cc42f5b733ba0fd11928dbd61fa3e000431e
    :git: https://github.com/horizontalsystems/gui-kit/

SPEC CHECKSUMS:
  Cuckoo: 57f71c6616b6b08cd9fe27f803da056fb619ff3e
  CurrencyKit.swift: c1a37e0e43eac3828be95c8348693f192d67b376
  HUD.swift: 0260e8e89a290380fd23d95002b0ddbea890b6c9
  KeychainAccess: 445e28864fe6d3458b41fa211bcdc39890e8bd5a
  LanguageKit.swift: 8ca8b99dd6250a13cf481b637e0d9d16f7389a74
  ModuleKit.swift: 60a85485efe4cab836d53a77eacc72cb98328936
  Nimble: 4ab1aeb9b45553c75b9687196b0fa0713170a332
  PinKit.swift: 1acbf82ce5114972f1eb9a5a0c1b808dc08ad12e
  Quick: 7fb19e13be07b5dfb3b90d4f9824c855a11af40e
  RxBlocking: c5e090f42d046df8b0e7752742510f349963710f
  RxSwift: e2dc62b366a3adf6a0be44ba9f405efd4c94e0c4
  SectionsTableView.swift: 91f2235b63405f938621b7df040149d7c65b355d
  SnapKit: 97b92857e3df3a0c71833cce143274bf6ef8e5eb
  StorageKit.swift: 1b618d59978510ac2f32971a01f87e54cddbe0da
  ThemeKit.swift: ef380a141bb93ae0d55f4a64c8229b1487d37711
  UIExtensions.swift: 3ed084c0343ddd0f86c7c558d37759e1fd7d5778

PODFILE CHECKSUM: 8f4b334c14e63c341fc1d9643af9a8f347e851cc

COCOAPODS: 1.10.0
