// !$*UTF8*$!
{
	archiveVersion = 1;
	classes = {
	};
	objectVersion = 46;
	objects = {

/* Begin PBXBuildFile section */
		11B3526FDCFFE11409D49716 /* ButtonsController.swift in Sources */ = {isa = PBXBuildFile; fileRef = 11B3524D6ABEB41030A99BD0 /* ButtonsController.swift */; };
		11B358DF6B669D448D3EBC1E /* CellsController.swift in Sources */ = {isa = PBXBuildFile; fileRef = 11B354942A5CF8695D61485E /* CellsController.swift */; };
		3A73904C23ED71A00034C30C /* PinController.swift in Sources */ = {isa = PBXBuildFile; fileRef = 3A73903E23ED71A00034C30C /* PinController.swift */; };
		3A73904D23ED71A00034C30C /* MainController.swift in Sources */ = {isa = PBXBuildFile; fileRef = 3A73903F23ED71A00034C30C /* MainController.swift */; };
		3A73904F23ED71A00034C30C /* FontsController.swift in Sources */ = {isa = PBXBuildFile; fileRef = 3A73904123ED71A00034C30C /* FontsController.swift */; };
		3A73905023ED71A00034C30C /* AppDelegate.swift in Sources */ = {isa = PBXBuildFile; fileRef = 3A73904223ED71A00034C30C /* AppDelegate.swift */; };
		3A73905123ED71A00034C30C /* Images.xcassets in Resources */ = {isa = PBXBuildFile; fileRef = 3A73904323ED71A00034C30C /* Images.xcassets */; };
		3A73905223ED71A00034C30C /* PinKitDelegate.swift in Sources */ = {isa = PBXBuildFile; fileRef = 3A73904423ED71A00034C30C /* PinKitDelegate.swift */; };
		3A73905423ED71A00034C30C /* LaunchScreen.xib in Resources */ = {isa = PBXBuildFile; fileRef = 3A73904623ED71A00034C30C /* LaunchScreen.xib */; };
		3A73905523ED71A00034C30C /* FontCell.swift in Sources */ = {isa = PBXBuildFile; fileRef = 3A73904723ED71A00034C30C /* FontCell.swift */; };
		3A73905623ED71A00034C30C /* App.swift in Sources */ = {isa = PBXBuildFile; fileRef = 3A73904823ED71A00034C30C /* App.swift */; };
		3A73905723ED71A00034C30C /* ColorsController.swift in Sources */ = {isa = PBXBuildFile; fileRef = 3A73904923ED71A00034C30C /* ColorsController.swift */; };
		3A73905823ED71A00034C30C /* ColorCell.swift in Sources */ = {isa = PBXBuildFile; fileRef = 3A73904A23ED71A00034C30C /* ColorCell.swift */; };
		3ACFA8EF23E93F3000180FDF /* GeneratedMocks.swift in Sources */ = {isa = PBXBuildFile; fileRef = 3ACFA8EE23E93F3000180FDF /* GeneratedMocks.swift */; };
		4CC180168D0D85881C8E634A /* Pods_ComponentKitExample.framework in Frameworks */ = {isa = PBXBuildFile; fileRef = 2E8459D833C0E7FE385EF63B /* Pods_ComponentKitExample.framework */; };
		58AAA532722A25F75165E9CD /* LockoutManagerTests.swift in Sources */ = {isa = PBXBuildFile; fileRef = 58AAA4ABB4EE8FB398136754 /* LockoutManagerTests.swift */; };
		58AAA6078D4C21E3627442B3 /* TestExtensions.swift in Sources */ = {isa = PBXBuildFile; fileRef = 58AAA4C3AD8E593C6A96CBC9 /* TestExtensions.swift */; };
		58AAA68282B9D381AE5A31B0 /* LockoutUntilDateFactoryTests.swift in Sources */ = {isa = PBXBuildFile; fileRef = 58AAAD03BA48C2716BC753CB /* LockoutUntilDateFactoryTests.swift */; };
		A2A3F0814416BCA3BA75553F /* Pods_PinKitTests.framework in Frameworks */ = {isa = PBXBuildFile; fileRef = 4D90ADB40F53768A0EE06278 /* Pods_PinKitTests.framework */; };
/* End PBXBuildFile section */

/* Begin PBXContainerItemProxy section */
		3ACFA8D923E9359800180FDF /* PBXContainerItemProxy */ = {
			isa = PBXContainerItemProxy;
			containerPortal = 607FACC81AFB9204008FA782 /* Project object */;
			proxyType = 1;
			remoteGlobalIDString = 607FACCF1AFB9204008FA782;
			remoteInfo = ComponentKit;
		};
/* End PBXContainerItemProxy section */

/* Begin PBXFileReference section */
		11B3524D6ABEB41030A99BD0 /* ButtonsController.swift */ = {isa = PBXFileReference; fileEncoding = 4; lastKnownFileType = sourcecode.swift; path = ButtonsController.swift; sourceTree = "<group>"; };
		11B354942A5CF8695D61485E /* CellsController.swift */ = {isa = PBXFileReference; fileEncoding = 4; lastKnownFileType = sourcecode.swift; path = CellsController.swift; sourceTree = "<group>"; };
		2E8459D833C0E7FE385EF63B /* Pods_ComponentKitExample.framework */ = {isa = PBXFileReference; explicitFileType = wrapper.framework; includeInIndex = 0; path = Pods_ComponentKitExample.framework; sourceTree = BUILT_PRODUCTS_DIR; };
		39F2700F2E37C6E78D0F195B /* Pods-ComponentKitExample.release.xcconfig */ = {isa = PBXFileReference; includeInIndex = 1; lastKnownFileType = text.xcconfig; name = "Pods-ComponentKitExample.release.xcconfig"; path = "Target Support Files/Pods-ComponentKitExample/Pods-ComponentKitExample.release.xcconfig"; sourceTree = "<group>"; };
		3A73903E23ED71A00034C30C /* PinController.swift */ = {isa = PBXFileReference; fileEncoding = 4; lastKnownFileType = sourcecode.swift; path = PinController.swift; sourceTree = "<group>"; };
		3A73903F23ED71A00034C30C /* MainController.swift */ = {isa = PBXFileReference; fileEncoding = 4; lastKnownFileType = sourcecode.swift; path = MainController.swift; sourceTree = "<group>"; };
		3A73904123ED71A00034C30C /* FontsController.swift */ = {isa = PBXFileReference; fileEncoding = 4; lastKnownFileType = sourcecode.swift; path = FontsController.swift; sourceTree = "<group>"; };
		3A73904223ED71A00034C30C /* AppDelegate.swift */ = {isa = PBXFileReference; fileEncoding = 4; lastKnownFileType = sourcecode.swift; path = AppDelegate.swift; sourceTree = "<group>"; };
		3A73904323ED71A00034C30C /* Images.xcassets */ = {isa = PBXFileReference; lastKnownFileType = folder.assetcatalog; path = Images.xcassets; sourceTree = "<group>"; };
		3A73904423ED71A00034C30C /* PinKitDelegate.swift */ = {isa = PBXFileReference; fileEncoding = 4; lastKnownFileType = sourcecode.swift; path = PinKitDelegate.swift; sourceTree = "<group>"; };
		3A73904623ED71A00034C30C /* LaunchScreen.xib */ = {isa = PBXFileReference; fileEncoding = 4; lastKnownFileType = file.xib; path = LaunchScreen.xib; sourceTree = "<group>"; };
		3A73904723ED71A00034C30C /* FontCell.swift */ = {isa = PBXFileReference; fileEncoding = 4; lastKnownFileType = sourcecode.swift; path = FontCell.swift; sourceTree = "<group>"; };
		3A73904823ED71A00034C30C /* App.swift */ = {isa = PBXFileReference; fileEncoding = 4; lastKnownFileType = sourcecode.swift; path = App.swift; sourceTree = "<group>"; };
		3A73904923ED71A00034C30C /* ColorsController.swift */ = {isa = PBXFileReference; fileEncoding = 4; lastKnownFileType = sourcecode.swift; path = ColorsController.swift; sourceTree = "<group>"; };
		3A73904A23ED71A00034C30C /* ColorCell.swift */ = {isa = PBXFileReference; fileEncoding = 4; lastKnownFileType = sourcecode.swift; path = ColorCell.swift; sourceTree = "<group>"; };
		3A73906023ED78090034C30C /* Info.plist */ = {isa = PBXFileReference; lastKnownFileType = text.plist; name = Info.plist; path = ComponentKit/Info.plist; sourceTree = SOURCE_ROOT; };
		3A73906223ED79620034C30C /* PinKitTests.plist */ = {isa = PBXFileReference; lastKnownFileType = text.plist; name = PinKitTests.plist; path = Tests/PinKitTests.plist; sourceTree = SOURCE_ROOT; };
		3ACFA8E423E9359800180FDF /* PinKitTests.xctest */ = {isa = PBXFileReference; explicitFileType = wrapper.cfbundle; includeInIndex = 0; path = PinKitTests.xctest; sourceTree = BUILT_PRODUCTS_DIR; };
		3ACFA8EE23E93F3000180FDF /* GeneratedMocks.swift */ = {isa = PBXFileReference; lastKnownFileType = sourcecode.swift; path = GeneratedMocks.swift; sourceTree = "<group>"; };
		4D90ADB40F53768A0EE06278 /* Pods_PinKitTests.framework */ = {isa = PBXFileReference; explicitFileType = wrapper.framework; includeInIndex = 0; path = Pods_PinKitTests.framework; sourceTree = BUILT_PRODUCTS_DIR; };
		58AAA4ABB4EE8FB398136754 /* LockoutManagerTests.swift */ = {isa = PBXFileReference; fileEncoding = 4; lastKnownFileType = sourcecode.swift; path = LockoutManagerTests.swift; sourceTree = "<group>"; };
		58AAA4C3AD8E593C6A96CBC9 /* TestExtensions.swift */ = {isa = PBXFileReference; fileEncoding = 4; lastKnownFileType = sourcecode.swift; path = TestExtensions.swift; sourceTree = "<group>"; };
		58AAAD03BA48C2716BC753CB /* LockoutUntilDateFactoryTests.swift */ = {isa = PBXFileReference; fileEncoding = 4; lastKnownFileType = sourcecode.swift; path = LockoutUntilDateFactoryTests.swift; sourceTree = "<group>"; };
		607FACD01AFB9204008FA782 /* ComponentKitExample.app */ = {isa = PBXFileReference; explicitFileType = wrapper.application; includeInIndex = 0; path = ComponentKitExample.app; sourceTree = BUILT_PRODUCTS_DIR; };
		6F65FC80A7C2D423749D5521 /* LICENSE */ = {isa = PBXFileReference; includeInIndex = 1; lastKnownFileType = text; name = LICENSE; path = ../LICENSE; sourceTree = "<group>"; };
		7108508F9CB929EA3219B050 /* Pods-PinKitTests.debug.xcconfig */ = {isa = PBXFileReference; includeInIndex = 1; lastKnownFileType = text.xcconfig; name = "Pods-PinKitTests.debug.xcconfig"; path = "Target Support Files/Pods-PinKitTests/Pods-PinKitTests.debug.xcconfig"; sourceTree = "<group>"; };
		77FC697FAC8E7FD15B554493 /* ThemeKit.swift.podspec */ = {isa = PBXFileReference; includeInIndex = 1; lastKnownFileType = file.podspec; name = ThemeKit.swift.podspec; path = ../ThemeKit.swift.podspec; sourceTree = "<group>"; xcLanguageSpecificationIdentifier = xcode.lang.ruby; };
		79E8B43CE76304E677BE5B77 /* Pods-ComponentKitExample.debug.xcconfig */ = {isa = PBXFileReference; includeInIndex = 1; lastKnownFileType = text.xcconfig; name = "Pods-ComponentKitExample.debug.xcconfig"; path = "Target Support Files/Pods-ComponentKitExample/Pods-ComponentKitExample.debug.xcconfig"; sourceTree = "<group>"; };
		7EC8ADF13B81AF3CD95CD5DF /* Pods-PinKitTests.release.xcconfig */ = {isa = PBXFileReference; includeInIndex = 1; lastKnownFileType = text.xcconfig; name = "Pods-PinKitTests.release.xcconfig"; path = "Target Support Files/Pods-PinKitTests/Pods-PinKitTests.release.xcconfig"; sourceTree = "<group>"; };
		BF959EB2797C954E19B19758 /* README.md */ = {isa = PBXFileReference; includeInIndex = 1; lastKnownFileType = net.daringfireball.markdown; name = README.md; path = ../README.md; sourceTree = "<group>"; };
		D316631526A16F4500E6630B /* ComponentKit.swift.podspec */ = {isa = PBXFileReference; lastKnownFileType = text; name = ComponentKit.swift.podspec; path = ../ComponentKit.swift.podspec; sourceTree = "<group>"; };
		D316631626A16F4500E6630B /* ScanQrKit.swift.podspec */ = {isa = PBXFileReference; lastKnownFileType = text; name = ScanQrKit.swift.podspec; path = ../ScanQrKit.swift.podspec; sourceTree = "<group>"; };
		D316631726A16F4500E6630B /* ModuleKit.swift.podspec */ = {isa = PBXFileReference; lastKnownFileType = text; name = ModuleKit.swift.podspec; path = ../ModuleKit.swift.podspec; sourceTree = "<group>"; };
		D3A8073D23DFF92900BD50FB /* LanguageKit.swift.podspec */ = {isa = PBXFileReference; lastKnownFileType = text; name = LanguageKit.swift.podspec; path = ../LanguageKit.swift.podspec; sourceTree = "<group>"; xcLanguageSpecificationIdentifier = xcode.lang.ruby; };
		D3A807AB23E93D0E00BD50FB /* StorageKit.swift.podspec */ = {isa = PBXFileReference; lastKnownFileType = text; name = StorageKit.swift.podspec; path = ../StorageKit.swift.podspec; sourceTree = "<group>"; xcLanguageSpecificationIdentifier = xcode.lang.ruby; };
		D3F0072F23F11A2400AB7250 /* PinKit.swift.podspec */ = {isa = PBXFileReference; lastKnownFileType = text; name = PinKit.swift.podspec; path = ../PinKit.swift.podspec; sourceTree = "<group>"; };
		D3F0073023F11A2400AB7250 /* CurrencyKit.swift.podspec */ = {isa = PBXFileReference; lastKnownFileType = text; name = CurrencyKit.swift.podspec; path = ../CurrencyKit.swift.podspec; sourceTree = "<group>"; };
/* End PBXFileReference section */

/* Begin PBXFrameworksBuildPhase section */
		3ACFA8DD23E9359800180FDF /* Frameworks */ = {
			isa = PBXFrameworksBuildPhase;
			buildActionMask = 2147483647;
			files = (
				A2A3F0814416BCA3BA75553F /* Pods_PinKitTests.framework in Frameworks */,
			);
			runOnlyForDeploymentPostprocessing = 0;
		};
		607FACCD1AFB9204008FA782 /* Frameworks */ = {
			isa = PBXFrameworksBuildPhase;
			buildActionMask = 2147483647;
			files = (
				4CC180168D0D85881C8E634A /* Pods_ComponentKitExample.framework in Frameworks */,
			);
			runOnlyForDeploymentPostprocessing = 0;
		};
/* End PBXFrameworksBuildPhase section */

/* Begin PBXGroup section */
		3ACFA8B523E932F600180FDF /* PinKitTests */ = {
			isa = PBXGroup;
			children = (
				3ACFA8EE23E93F3000180FDF /* GeneratedMocks.swift */,
				58AAA83E4FE953BE326BD453 /* Managers */,
				58AAAE0D86A4250CF84B1B2B /* Factory */,
				58AAA4C3AD8E593C6A96CBC9 /* TestExtensions.swift */,
			);
			name = PinKitTests;
			path = PinKit;
			sourceTree = "<group>";
		};
		58AAA83E4FE953BE326BD453 /* Managers */ = {
			isa = PBXGroup;
			children = (
				58AAA4ABB4EE8FB398136754 /* LockoutManagerTests.swift */,
			);
			path = Managers;
			sourceTree = "<group>";
		};
		58AAAE0D86A4250CF84B1B2B /* Factory */ = {
			isa = PBXGroup;
			children = (
				58AAAD03BA48C2716BC753CB /* LockoutUntilDateFactoryTests.swift */,
			);
			path = Factory;
			sourceTree = "<group>";
		};
		607FACC71AFB9204008FA782 = {
			isa = PBXGroup;
			children = (
				607FACF51AFB993E008FA782 /* Podspec Metadata */,
				607FACD21AFB9204008FA782 /* Example for ComponentKit */,
				607FACE81AFB9204008FA782 /* Tests */,
				607FACD11AFB9204008FA782 /* Products */,
				D6211F92F270E036ABCEBD3B /* Pods */,
				9E9C5376B134E6C08153594E /* Frameworks */,
			);
			sourceTree = "<group>";
		};
		607FACD11AFB9204008FA782 /* Products */ = {
			isa = PBXGroup;
			children = (
				607FACD01AFB9204008FA782 /* ComponentKitExample.app */,
				3ACFA8E423E9359800180FDF /* PinKitTests.xctest */,
			);
			name = Products;
			sourceTree = "<group>";
		};
		607FACD21AFB9204008FA782 /* Example for ComponentKit */ = {
			isa = PBXGroup;
			children = (
				3A73904823ED71A00034C30C /* App.swift */,
				3A73904223ED71A00034C30C /* AppDelegate.swift */,
				3A73904A23ED71A00034C30C /* ColorCell.swift */,
				3A73904923ED71A00034C30C /* ColorsController.swift */,
				3A73904723ED71A00034C30C /* FontCell.swift */,
				3A73904123ED71A00034C30C /* FontsController.swift */,
				3A73904323ED71A00034C30C /* Images.xcassets */,
				3A73904623ED71A00034C30C /* LaunchScreen.xib */,
				3A73903F23ED71A00034C30C /* MainController.swift */,
				3A73903E23ED71A00034C30C /* PinController.swift */,
				3A73904423ED71A00034C30C /* PinKitDelegate.swift */,
				607FACD31AFB9204008FA782 /* Supporting Files */,
				11B354942A5CF8695D61485E /* CellsController.swift */,
				11B3524D6ABEB41030A99BD0 /* ButtonsController.swift */,
			);
			name = "Example for ComponentKit";
			path = ComponentKit;
			sourceTree = "<group>";
		};
		607FACD31AFB9204008FA782 /* Supporting Files */ = {
			isa = PBXGroup;
			children = (
				3A73906023ED78090034C30C /* Info.plist */,
			);
			name = "Supporting Files";
			sourceTree = "<group>";
		};
		607FACE81AFB9204008FA782 /* Tests */ = {
			isa = PBXGroup;
			children = (
				607FACE91AFB9204008FA782 /* Supporting Files */,
				3ACFA8B523E932F600180FDF /* PinKitTests */,
			);
			path = Tests;
			sourceTree = "<group>";
		};
		607FACE91AFB9204008FA782 /* Supporting Files */ = {
			isa = PBXGroup;
			children = (
				3A73906223ED79620034C30C /* PinKitTests.plist */,
			);
			name = "Supporting Files";
			path = ../ComponentKit/Tests;
			sourceTree = "<group>";
		};
		607FACF51AFB993E008FA782 /* Podspec Metadata */ = {
			isa = PBXGroup;
			children = (
				D316631526A16F4500E6630B /* ComponentKit.swift.podspec */,
				D316631726A16F4500E6630B /* ModuleKit.swift.podspec */,
				D316631626A16F4500E6630B /* ScanQrKit.swift.podspec */,
				D3F0073023F11A2400AB7250 /* CurrencyKit.swift.podspec */,
				D3F0072F23F11A2400AB7250 /* PinKit.swift.podspec */,
				D3A807AB23E93D0E00BD50FB /* StorageKit.swift.podspec */,
				D3A8073D23DFF92900BD50FB /* LanguageKit.swift.podspec */,
				77FC697FAC8E7FD15B554493 /* ThemeKit.swift.podspec */,
				BF959EB2797C954E19B19758 /* README.md */,
				6F65FC80A7C2D423749D5521 /* LICENSE */,
			);
			name = "Podspec Metadata";
			sourceTree = "<group>";
		};
		9E9C5376B134E6C08153594E /* Frameworks */ = {
			isa = PBXGroup;
			children = (
				2E8459D833C0E7FE385EF63B /* Pods_ComponentKitExample.framework */,
				4D90ADB40F53768A0EE06278 /* Pods_PinKitTests.framework */,
			);
			name = Frameworks;
			sourceTree = "<group>";
		};
		D6211F92F270E036ABCEBD3B /* Pods */ = {
			isa = PBXGroup;
			children = (
				79E8B43CE76304E677BE5B77 /* Pods-ComponentKitExample.debug.xcconfig */,
				39F2700F2E37C6E78D0F195B /* Pods-ComponentKitExample.release.xcconfig */,
				7108508F9CB929EA3219B050 /* Pods-PinKitTests.debug.xcconfig */,
				7EC8ADF13B81AF3CD95CD5DF /* Pods-PinKitTests.release.xcconfig */,
			);
			path = Pods;
			sourceTree = "<group>";
		};
/* End PBXGroup section */

/* Begin PBXNativeTarget section */
		3ACFA8D723E9359800180FDF /* PinKitTests */ = {
			isa = PBXNativeTarget;
			buildConfigurationList = 3ACFA8E123E9359800180FDF /* Build configuration list for PBXNativeTarget "PinKitTests" */;
			buildPhases = (
				0E0FAA41ADCB8A832A802CCF /* [CP] Check Pods Manifest.lock */,
				3ACFA8ED23E93E8000180FDF /* Cuckoo */,
				3ACFA8DB23E9359800180FDF /* Sources */,
				3ACFA8DD23E9359800180FDF /* Frameworks */,
				3ACFA8DF23E9359800180FDF /* Resources */,
				4B155700580E7DF8AF39F17C /* [CP] Embed Pods Frameworks */,
			);
			buildRules = (
			);
			dependencies = (
				3ACFA8D823E9359800180FDF /* PBXTargetDependency */,
			);
			name = PinKitTests;
			productName = Tests;
			productReference = 3ACFA8E423E9359800180FDF /* PinKitTests.xctest */;
			productType = "com.apple.product-type.bundle.unit-test";
		};
		607FACCF1AFB9204008FA782 /* ComponentKitExample */ = {
			isa = PBXNativeTarget;
			buildConfigurationList = 607FACEF1AFB9204008FA782 /* Build configuration list for PBXNativeTarget "ComponentKitExample" */;
			buildPhases = (
				9B9B7CDABDB4063478E210B7 /* [CP] Check Pods Manifest.lock */,
				607FACCC1AFB9204008FA782 /* Sources */,
				607FACCD1AFB9204008FA782 /* Frameworks */,
				607FACCE1AFB9204008FA782 /* Resources */,
				D84A8B9CE92764AD42168B6D /* [CP] Embed Pods Frameworks */,
			);
			buildRules = (
			);
			dependencies = (
			);
			name = ComponentKitExample;
			productName = ComponentKit;
			productReference = 607FACD01AFB9204008FA782 /* ComponentKitExample.app */;
			productType = "com.apple.product-type.application";
		};
/* End PBXNativeTarget section */

/* Begin PBXProject section */
		607FACC81AFB9204008FA782 /* Project object */ = {
			isa = PBXProject;
			attributes = {
				LastSwiftUpdateCheck = 1130;
				LastUpgradeCheck = 0830;
				ORGANIZATIONNAME = CocoaPods;
				TargetAttributes = {
					3ACFA8D723E9359800180FDF = {
						DevelopmentTeam = HC4MCAXJ66;
					};
					607FACCF1AFB9204008FA782 = {
						CreatedOnToolsVersion = 6.3.1;
						DevelopmentTeam = HC4MCAXJ66;
						LastSwiftMigration = 1130;
					};
				};
			};
			buildConfigurationList = 607FACCB1AFB9204008FA782 /* Build configuration list for PBXProject "ComponentKit" */;
			compatibilityVersion = "Xcode 3.2";
			developmentRegion = English;
			hasScannedForEncodings = 0;
			knownRegions = (
				English,
				Base,
			);
			mainGroup = 607FACC71AFB9204008FA782;
			productRefGroup = 607FACD11AFB9204008FA782 /* Products */;
			projectDirPath = "";
			projectRoot = "";
			targets = (
				607FACCF1AFB9204008FA782 /* ComponentKitExample */,
				3ACFA8D723E9359800180FDF /* PinKitTests */,
			);
		};
/* End PBXProject section */

/* Begin PBXResourcesBuildPhase section */
		3ACFA8DF23E9359800180FDF /* Resources */ = {
			isa = PBXResourcesBuildPhase;
			buildActionMask = 2147483647;
			files = (
			);
			runOnlyForDeploymentPostprocessing = 0;
		};
		607FACCE1AFB9204008FA782 /* Resources */ = {
			isa = PBXResourcesBuildPhase;
			buildActionMask = 2147483647;
			files = (
				3A73905423ED71A00034C30C /* LaunchScreen.xib in Resources */,
				3A73905123ED71A00034C30C /* Images.xcassets in Resources */,
			);
			runOnlyForDeploymentPostprocessing = 0;
		};
/* End PBXResourcesBuildPhase section */

/* Begin PBXShellScriptBuildPhase section */
		0E0FAA41ADCB8A832A802CCF /* [CP] Check Pods Manifest.lock */ = {
			isa = PBXShellScriptBuildPhase;
			buildActionMask = 2147483647;
			files = (
			);
			inputFileListPaths = (
			);
			inputPaths = (
				"${PODS_PODFILE_DIR_PATH}/Podfile.lock",
				"${PODS_ROOT}/Manifest.lock",
			);
			name = "[CP] Check Pods Manifest.lock";
			outputFileListPaths = (
			);
			outputPaths = (
				"$(DERIVED_FILE_DIR)/Pods-PinKitTests-checkManifestLockResult.txt",
			);
			runOnlyForDeploymentPostprocessing = 0;
			shellPath = /bin/sh;
			shellScript = "diff \"${PODS_PODFILE_DIR_PATH}/Podfile.lock\" \"${PODS_ROOT}/Manifest.lock\" > /dev/null\nif [ $? != 0 ] ; then\n    # print error to STDERR\n    echo \"error: The sandbox is not in sync with the Podfile.lock. Run 'pod install' or update your CocoaPods installation.\" >&2\n    exit 1\nfi\n# This output is used by Xcode 'outputs' to avoid re-running this script phase.\necho \"SUCCESS\" > \"${SCRIPT_OUTPUT_FILE_0}\"\n";
			showEnvVarsInLog = 0;
		};
		3ACFA8ED23E93E8000180FDF /* Cuckoo */ = {
			isa = PBXShellScriptBuildPhase;
			buildActionMask = 2147483647;
			files = (
			);
			inputFileListPaths = (
			);
			inputPaths = (
			);
			name = Cuckoo;
			outputFileListPaths = (
			);
			outputPaths = (
			);
			runOnlyForDeploymentPostprocessing = 0;
			shellPath = /bin/sh;
			shellScript = "OUTPUT_FILE=\"${PROJECT_DIR}/Tests/PinKit/GeneratedMocks.swift\"\necho \"Generated Mocks File = ${OUTPUT_FILE}\"\n\nINPUT_DIR=\"${PROJECT_DIR}/../PinKit/Classes\"\necho \"Mocks Input Directory = ${INPUT_DIR}\"\n\n\"${PODS_ROOT}/Cuckoo/run\" generate --testable \"PinKit\" \\\n--output \"${OUTPUT_FILE}\" \\\n\"${INPUT_DIR}/Core/Protocols.swift\"\n";
		};
		4B155700580E7DF8AF39F17C /* [CP] Embed Pods Frameworks */ = {
			isa = PBXShellScriptBuildPhase;
			buildActionMask = 2147483647;
			files = (
			);
			inputPaths = (
				"${PODS_ROOT}/Target Support Files/Pods-PinKitTests/Pods-PinKitTests-frameworks.sh",
				"${BUILT_PRODUCTS_DIR}/Alamofire/Alamofire.framework",
				"${BUILT_PRODUCTS_DIR}/ComponentKit.swift/ComponentKit.framework",
				"${BUILT_PRODUCTS_DIR}/HUD.swift/HUD.framework",
				"${BUILT_PRODUCTS_DIR}/KeychainAccess/KeychainAccess.framework",
				"${BUILT_PRODUCTS_DIR}/Kingfisher/Kingfisher.framework",
				"${BUILT_PRODUCTS_DIR}/LanguageKit.swift/LanguageKit.framework",
				"${BUILT_PRODUCTS_DIR}/PinKit.swift/PinKit.framework",
				"${BUILT_PRODUCTS_DIR}/RxCocoa/RxCocoa.framework",
				"${BUILT_PRODUCTS_DIR}/RxRelay/RxRelay.framework",
				"${BUILT_PRODUCTS_DIR}/RxSwift/RxSwift.framework",
				"${BUILT_PRODUCTS_DIR}/SectionsTableView.swift/SectionsTableView.framework",
				"${BUILT_PRODUCTS_DIR}/SkeletonView/SkeletonView.framework",
				"${BUILT_PRODUCTS_DIR}/SnapKit/SnapKit.framework",
				"${BUILT_PRODUCTS_DIR}/StorageKit.swift/StorageKit.framework",
				"${BUILT_PRODUCTS_DIR}/ThemeKit.swift/ThemeKit.framework",
				"${BUILT_PRODUCTS_DIR}/UIExtensions.swift/UIExtensions.framework",
				"${BUILT_PRODUCTS_DIR}/Cuckoo/Cuckoo.framework",
				"${BUILT_PRODUCTS_DIR}/Nimble/Nimble.framework",
				"${BUILT_PRODUCTS_DIR}/Quick/Quick.framework",
				"${BUILT_PRODUCTS_DIR}/RxBlocking/RxBlocking.framework",
			);
			name = "[CP] Embed Pods Frameworks";
			outputPaths = (
				"${TARGET_BUILD_DIR}/${FRAMEWORKS_FOLDER_PATH}/Alamofire.framework",
				"${TARGET_BUILD_DIR}/${FRAMEWORKS_FOLDER_PATH}/ComponentKit.framework",
				"${TARGET_BUILD_DIR}/${FRAMEWORKS_FOLDER_PATH}/HUD.framework",
				"${TARGET_BUILD_DIR}/${FRAMEWORKS_FOLDER_PATH}/KeychainAccess.framework",
				"${TARGET_BUILD_DIR}/${FRAMEWORKS_FOLDER_PATH}/Kingfisher.framework",
				"${TARGET_BUILD_DIR}/${FRAMEWORKS_FOLDER_PATH}/LanguageKit.framework",
				"${TARGET_BUILD_DIR}/${FRAMEWORKS_FOLDER_PATH}/PinKit.framework",
				"${TARGET_BUILD_DIR}/${FRAMEWORKS_FOLDER_PATH}/RxCocoa.framework",
				"${TARGET_BUILD_DIR}/${FRAMEWORKS_FOLDER_PATH}/RxRelay.framework",
				"${TARGET_BUILD_DIR}/${FRAMEWORKS_FOLDER_PATH}/RxSwift.framework",
				"${TARGET_BUILD_DIR}/${FRAMEWORKS_FOLDER_PATH}/SectionsTableView.framework",
				"${TARGET_BUILD_DIR}/${FRAMEWORKS_FOLDER_PATH}/SkeletonView.framework",
				"${TARGET_BUILD_DIR}/${FRAMEWORKS_FOLDER_PATH}/SnapKit.framework",
				"${TARGET_BUILD_DIR}/${FRAMEWORKS_FOLDER_PATH}/StorageKit.framework",
				"${TARGET_BUILD_DIR}/${FRAMEWORKS_FOLDER_PATH}/ThemeKit.framework",
				"${TARGET_BUILD_DIR}/${FRAMEWORKS_FOLDER_PATH}/UIExtensions.framework",
				"${TARGET_BUILD_DIR}/${FRAMEWORKS_FOLDER_PATH}/Cuckoo.framework",
				"${TARGET_BUILD_DIR}/${FRAMEWORKS_FOLDER_PATH}/Nimble.framework",
				"${TARGET_BUILD_DIR}/${FRAMEWORKS_FOLDER_PATH}/Quick.framework",
				"${TARGET_BUILD_DIR}/${FRAMEWORKS_FOLDER_PATH}/RxBlocking.framework",
			);
			runOnlyForDeploymentPostprocessing = 0;
			shellPath = /bin/sh;
			shellScript = "\"${PODS_ROOT}/Target Support Files/Pods-PinKitTests/Pods-PinKitTests-frameworks.sh\"\n";
			showEnvVarsInLog = 0;
		};
		9B9B7CDABDB4063478E210B7 /* [CP] Check Pods Manifest.lock */ = {
			isa = PBXShellScriptBuildPhase;
			buildActionMask = 2147483647;
			files = (
			);
			inputFileListPaths = (
			);
			inputPaths = (
				"${PODS_PODFILE_DIR_PATH}/Podfile.lock",
				"${PODS_ROOT}/Manifest.lock",
			);
			name = "[CP] Check Pods Manifest.lock";
			outputFileListPaths = (
			);
			outputPaths = (
				"$(DERIVED_FILE_DIR)/Pods-ComponentKitExample-checkManifestLockResult.txt",
			);
			runOnlyForDeploymentPostprocessing = 0;
			shellPath = /bin/sh;
			shellScript = "diff \"${PODS_PODFILE_DIR_PATH}/Podfile.lock\" \"${PODS_ROOT}/Manifest.lock\" > /dev/null\nif [ $? != 0 ] ; then\n    # print error to STDERR\n    echo \"error: The sandbox is not in sync with the Podfile.lock. Run 'pod install' or update your CocoaPods installation.\" >&2\n    exit 1\nfi\n# This output is used by Xcode 'outputs' to avoid re-running this script phase.\necho \"SUCCESS\" > \"${SCRIPT_OUTPUT_FILE_0}\"\n";
			showEnvVarsInLog = 0;
		};
		D84A8B9CE92764AD42168B6D /* [CP] Embed Pods Frameworks */ = {
			isa = PBXShellScriptBuildPhase;
			buildActionMask = 2147483647;
			files = (
			);
			inputPaths = (
				"${PODS_ROOT}/Target Support Files/Pods-ComponentKitExample/Pods-ComponentKitExample-frameworks.sh",
				"${BUILT_PRODUCTS_DIR}/Alamofire/Alamofire.framework",
				"${BUILT_PRODUCTS_DIR}/ComponentKit.swift/ComponentKit.framework",
				"${BUILT_PRODUCTS_DIR}/CurrencyKit.swift/CurrencyKit.framework",
				"${BUILT_PRODUCTS_DIR}/HUD.swift/HUD.framework",
				"${BUILT_PRODUCTS_DIR}/KeychainAccess/KeychainAccess.framework",
				"${BUILT_PRODUCTS_DIR}/Kingfisher/Kingfisher.framework",
				"${BUILT_PRODUCTS_DIR}/LanguageKit.swift/LanguageKit.framework",
				"${BUILT_PRODUCTS_DIR}/ModuleKit.swift/ModuleKit.framework",
				"${BUILT_PRODUCTS_DIR}/PinKit.swift/PinKit.framework",
				"${BUILT_PRODUCTS_DIR}/RxCocoa/RxCocoa.framework",
				"${BUILT_PRODUCTS_DIR}/RxRelay/RxRelay.framework",
				"${BUILT_PRODUCTS_DIR}/RxSwift/RxSwift.framework",
				"${BUILT_PRODUCTS_DIR}/SectionsTableView.swift/SectionsTableView.framework",
				"${BUILT_PRODUCTS_DIR}/SkeletonView/SkeletonView.framework",
				"${BUILT_PRODUCTS_DIR}/SnapKit/SnapKit.framework",
				"${BUILT_PRODUCTS_DIR}/StorageKit.swift/StorageKit.framework",
				"${BUILT_PRODUCTS_DIR}/ThemeKit.swift/ThemeKit.framework",
				"${BUILT_PRODUCTS_DIR}/UIExtensions.swift/UIExtensions.framework",
			);
			name = "[CP] Embed Pods Frameworks";
			outputPaths = (
				"${TARGET_BUILD_DIR}/${FRAMEWORKS_FOLDER_PATH}/Alamofire.framework",
				"${TARGET_BUILD_DIR}/${FRAMEWORKS_FOLDER_PATH}/ComponentKit.framework",
				"${TARGET_BUILD_DIR}/${FRAMEWORKS_FOLDER_PATH}/CurrencyKit.framework",
				"${TARGET_BUILD_DIR}/${FRAMEWORKS_FOLDER_PATH}/HUD.framework",
				"${TARGET_BUILD_DIR}/${FRAMEWORKS_FOLDER_PATH}/KeychainAccess.framework",
				"${TARGET_BUILD_DIR}/${FRAMEWORKS_FOLDER_PATH}/Kingfisher.framework",
				"${TARGET_BUILD_DIR}/${FRAMEWORKS_FOLDER_PATH}/LanguageKit.framework",
				"${TARGET_BUILD_DIR}/${FRAMEWORKS_FOLDER_PATH}/ModuleKit.framework",
				"${TARGET_BUILD_DIR}/${FRAMEWORKS_FOLDER_PATH}/PinKit.framework",
				"${TARGET_BUILD_DIR}/${FRAMEWORKS_FOLDER_PATH}/RxCocoa.framework",
				"${TARGET_BUILD_DIR}/${FRAMEWORKS_FOLDER_PATH}/RxRelay.framework",
				"${TARGET_BUILD_DIR}/${FRAMEWORKS_FOLDER_PATH}/RxSwift.framework",
				"${TARGET_BUILD_DIR}/${FRAMEWORKS_FOLDER_PATH}/SectionsTableView.framework",
				"${TARGET_BUILD_DIR}/${FRAMEWORKS_FOLDER_PATH}/SkeletonView.framework",
				"${TARGET_BUILD_DIR}/${FRAMEWORKS_FOLDER_PATH}/SnapKit.framework",
				"${TARGET_BUILD_DIR}/${FRAMEWORKS_FOLDER_PATH}/StorageKit.framework",
				"${TARGET_BUILD_DIR}/${FRAMEWORKS_FOLDER_PATH}/ThemeKit.framework",
				"${TARGET_BUILD_DIR}/${FRAMEWORKS_FOLDER_PATH}/UIExtensions.framework",
			);
			runOnlyForDeploymentPostprocessing = 0;
			shellPath = /bin/sh;
			shellScript = "\"${PODS_ROOT}/Target Support Files/Pods-ComponentKitExample/Pods-ComponentKitExample-frameworks.sh\"\n";
			showEnvVarsInLog = 0;
		};
/* End PBXShellScriptBuildPhase section */

/* Begin PBXSourcesBuildPhase section */
		3ACFA8DB23E9359800180FDF /* Sources */ = {
			isa = PBXSourcesBuildPhase;
			buildActionMask = 2147483647;
			files = (
				3ACFA8EF23E93F3000180FDF /* GeneratedMocks.swift in Sources */,
				58AAA532722A25F75165E9CD /* LockoutManagerTests.swift in Sources */,
				58AAA68282B9D381AE5A31B0 /* LockoutUntilDateFactoryTests.swift in Sources */,
				58AAA6078D4C21E3627442B3 /* TestExtensions.swift in Sources */,
			);
			runOnlyForDeploymentPostprocessing = 0;
		};
		607FACCC1AFB9204008FA782 /* Sources */ = {
			isa = PBXSourcesBuildPhase;
			buildActionMask = 2147483647;
			files = (
				3A73904D23ED71A00034C30C /* MainController.swift in Sources */,
				3A73904F23ED71A00034C30C /* FontsController.swift in Sources */,
				3A73905823ED71A00034C30C /* ColorCell.swift in Sources */,
				3A73905023ED71A00034C30C /* AppDelegate.swift in Sources */,
				3A73904C23ED71A00034C30C /* PinController.swift in Sources */,
				3A73905623ED71A00034C30C /* App.swift in Sources */,
				3A73905523ED71A00034C30C /* FontCell.swift in Sources */,
				3A73905223ED71A00034C30C /* PinKitDelegate.swift in Sources */,
				3A73905723ED71A00034C30C /* ColorsController.swift in Sources */,
				11B358DF6B669D448D3EBC1E /* CellsController.swift in Sources */,
				11B3526FDCFFE11409D49716 /* ButtonsController.swift in Sources */,
			);
			runOnlyForDeploymentPostprocessing = 0;
		};
/* End PBXSourcesBuildPhase section */

/* Begin PBXTargetDependency section */
		3ACFA8D823E9359800180FDF /* PBXTargetDependency */ = {
			isa = PBXTargetDependency;
			target = 607FACCF1AFB9204008FA782 /* ComponentKitExample */;
			targetProxy = 3ACFA8D923E9359800180FDF /* PBXContainerItemProxy */;
		};
/* End PBXTargetDependency section */

/* Begin XCBuildConfiguration section */
		3ACFA8E223E9359800180FDF /* Debug */ = {
			isa = XCBuildConfiguration;
			baseConfigurationReference = 7108508F9CB929EA3219B050 /* Pods-PinKitTests.debug.xcconfig */;
			buildSettings = {
				DEVELOPMENT_TEAM = HC4MCAXJ66;
				FRAMEWORK_SEARCH_PATHS = (
					"$(PLATFORM_DIR)/Developer/Library/Frameworks",
					"$(inherited)",
				);
				GCC_PREPROCESSOR_DEFINITIONS = (
					"DEBUG=1",
					"$(inherited)",
				);
				INFOPLIST_FILE = Tests/PinKitTests.plist;
				LD_RUNPATH_SEARCH_PATHS = "$(inherited) @executable_path/Frameworks @loader_path/Frameworks";
				PRODUCT_BUNDLE_IDENTIFIER = "org.cocoapods.$(PRODUCT_NAME:rfc1034identifier)";
				PRODUCT_NAME = "$(TARGET_NAME)";
				SWIFT_SWIFT3_OBJC_INFERENCE = Default;
				SWIFT_VERSION = 5.0;
			};
			name = Debug;
		};
		3ACFA8E323E9359800180FDF /* Release */ = {
			isa = XCBuildConfiguration;
			baseConfigurationReference = 7EC8ADF13B81AF3CD95CD5DF /* Pods-PinKitTests.release.xcconfig */;
			buildSettings = {
				DEVELOPMENT_TEAM = HC4MCAXJ66;
				FRAMEWORK_SEARCH_PATHS = (
					"$(PLATFORM_DIR)/Developer/Library/Frameworks",
					"$(inherited)",
				);
				INFOPLIST_FILE = Tests/PinKitTests.plist;
				LD_RUNPATH_SEARCH_PATHS = "$(inherited) @executable_path/Frameworks @loader_path/Frameworks";
				PRODUCT_BUNDLE_IDENTIFIER = "org.cocoapods.$(PRODUCT_NAME:rfc1034identifier)";
				PRODUCT_NAME = "$(TARGET_NAME)";
				SWIFT_SWIFT3_OBJC_INFERENCE = Default;
				SWIFT_VERSION = 5.0;
			};
			name = Release;
		};
		607FACED1AFB9204008FA782 /* Debug */ = {
			isa = XCBuildConfiguration;
			buildSettings = {
				ALWAYS_SEARCH_USER_PATHS = NO;
				CLANG_CXX_LANGUAGE_STANDARD = "gnu++0x";
				CLANG_CXX_LIBRARY = "libc++";
				CLANG_ENABLE_MODULES = YES;
				CLANG_ENABLE_OBJC_ARC = YES;
				CLANG_WARN_BLOCK_CAPTURE_AUTORELEASING = YES;
				CLANG_WARN_BOOL_CONVERSION = YES;
				CLANG_WARN_COMMA = YES;
				CLANG_WARN_CONSTANT_CONVERSION = YES;
				CLANG_WARN_DIRECT_OBJC_ISA_USAGE = YES_ERROR;
				CLANG_WARN_EMPTY_BODY = YES;
				CLANG_WARN_ENUM_CONVERSION = YES;
				CLANG_WARN_INFINITE_RECURSION = YES;
				CLANG_WARN_INT_CONVERSION = YES;
				CLANG_WARN_NON_LITERAL_NULL_CONVERSION = YES;
				CLANG_WARN_OBJC_LITERAL_CONVERSION = YES;
				CLANG_WARN_OBJC_ROOT_CLASS = YES_ERROR;
				CLANG_WARN_RANGE_LOOP_ANALYSIS = YES;
				CLANG_WARN_STRICT_PROTOTYPES = YES;
				CLANG_WARN_SUSPICIOUS_MOVE = YES;
				CLANG_WARN_UNREACHABLE_CODE = YES;
				CLANG_WARN__DUPLICATE_METHOD_MATCH = YES;
				"CODE_SIGN_IDENTITY[sdk=iphoneos*]" = "iPhone Developer";
				COPY_PHASE_STRIP = NO;
				DEBUG_INFORMATION_FORMAT = "dwarf-with-dsym";
				ENABLE_STRICT_OBJC_MSGSEND = YES;
				ENABLE_TESTABILITY = YES;
				GCC_C_LANGUAGE_STANDARD = gnu99;
				GCC_DYNAMIC_NO_PIC = NO;
				GCC_NO_COMMON_BLOCKS = YES;
				GCC_OPTIMIZATION_LEVEL = 0;
				GCC_PREPROCESSOR_DEFINITIONS = (
					"DEBUG=1",
					"$(inherited)",
				);
				GCC_SYMBOLS_PRIVATE_EXTERN = NO;
				GCC_WARN_64_TO_32_BIT_CONVERSION = YES;
				GCC_WARN_ABOUT_RETURN_TYPE = YES_ERROR;
				GCC_WARN_UNDECLARED_SELECTOR = YES;
				GCC_WARN_UNINITIALIZED_AUTOS = YES_AGGRESSIVE;
				GCC_WARN_UNUSED_FUNCTION = YES;
				GCC_WARN_UNUSED_VARIABLE = YES;
				IPHONEOS_DEPLOYMENT_TARGET = 13.0;
				MTL_ENABLE_DEBUG_INFO = YES;
				ONLY_ACTIVE_ARCH = YES;
				SDKROOT = iphoneos;
				SWIFT_OPTIMIZATION_LEVEL = "-Onone";
			};
			name = Debug;
		};
		607FACEE1AFB9204008FA782 /* Release */ = {
			isa = XCBuildConfiguration;
			buildSettings = {
				ALWAYS_SEARCH_USER_PATHS = NO;
				CLANG_CXX_LANGUAGE_STANDARD = "gnu++0x";
				CLANG_CXX_LIBRARY = "libc++";
				CLANG_ENABLE_MODULES = YES;
				CLANG_ENABLE_OBJC_ARC = YES;
				CLANG_WARN_BLOCK_CAPTURE_AUTORELEASING = YES;
				CLANG_WARN_BOOL_CONVERSION = YES;
				CLANG_WARN_COMMA = YES;
				CLANG_WARN_CONSTANT_CONVERSION = YES;
				CLANG_WARN_DIRECT_OBJC_ISA_USAGE = YES_ERROR;
				CLANG_WARN_EMPTY_BODY = YES;
				CLANG_WARN_ENUM_CONVERSION = YES;
				CLANG_WARN_INFINITE_RECURSION = YES;
				CLANG_WARN_INT_CONVERSION = YES;
				CLANG_WARN_NON_LITERAL_NULL_CONVERSION = YES;
				CLANG_WARN_OBJC_LITERAL_CONVERSION = YES;
				CLANG_WARN_OBJC_ROOT_CLASS = YES_ERROR;
				CLANG_WARN_RANGE_LOOP_ANALYSIS = YES;
				CLANG_WARN_STRICT_PROTOTYPES = YES;
				CLANG_WARN_SUSPICIOUS_MOVE = YES;
				CLANG_WARN_UNREACHABLE_CODE = YES;
				CLANG_WARN__DUPLICATE_METHOD_MATCH = YES;
				"CODE_SIGN_IDENTITY[sdk=iphoneos*]" = "iPhone Developer";
				COPY_PHASE_STRIP = NO;
				DEBUG_INFORMATION_FORMAT = "dwarf-with-dsym";
				ENABLE_NS_ASSERTIONS = NO;
				ENABLE_STRICT_OBJC_MSGSEND = YES;
				GCC_C_LANGUAGE_STANDARD = gnu99;
				GCC_NO_COMMON_BLOCKS = YES;
				GCC_WARN_64_TO_32_BIT_CONVERSION = YES;
				GCC_WARN_ABOUT_RETURN_TYPE = YES_ERROR;
				GCC_WARN_UNDECLARED_SELECTOR = YES;
				GCC_WARN_UNINITIALIZED_AUTOS = YES_AGGRESSIVE;
				GCC_WARN_UNUSED_FUNCTION = YES;
				GCC_WARN_UNUSED_VARIABLE = YES;
				IPHONEOS_DEPLOYMENT_TARGET = 13.0;
				MTL_ENABLE_DEBUG_INFO = NO;
				SDKROOT = iphoneos;
				SWIFT_OPTIMIZATION_LEVEL = "-Owholemodule";
				VALIDATE_PRODUCT = YES;
			};
			name = Release;
		};
		607FACF01AFB9204008FA782 /* Debug */ = {
			isa = XCBuildConfiguration;
			baseConfigurationReference = 79E8B43CE76304E677BE5B77 /* Pods-ComponentKitExample.debug.xcconfig */;
			buildSettings = {
				ASSETCATALOG_COMPILER_APPICON_NAME = AppIcon;
				CLANG_ENABLE_MODULES = YES;
				DEVELOPMENT_TEAM = HC4MCAXJ66;
				INFOPLIST_FILE = ComponentKit/Info.plist;
				LD_RUNPATH_SEARCH_PATHS = "$(inherited) @executable_path/Frameworks";
				MODULE_NAME = ExampleApp;
				PRODUCT_BUNDLE_IDENTIFIER = "org.cocoapods.demo.$(PRODUCT_NAME:rfc1034identifier)";
				PRODUCT_NAME = "$(TARGET_NAME)";
				SWIFT_OPTIMIZATION_LEVEL = "-Onone";
				SWIFT_SWIFT3_OBJC_INFERENCE = Default;
				SWIFT_VERSION = 5.0;
			};
			name = Debug;
		};
		607FACF11AFB9204008FA782 /* Release */ = {
			isa = XCBuildConfiguration;
			baseConfigurationReference = 39F2700F2E37C6E78D0F195B /* Pods-ComponentKitExample.release.xcconfig */;
			buildSettings = {
				ASSETCATALOG_COMPILER_APPICON_NAME = AppIcon;
				CLANG_ENABLE_MODULES = YES;
				DEVELOPMENT_TEAM = HC4MCAXJ66;
				INFOPLIST_FILE = ComponentKit/Info.plist;
				LD_RUNPATH_SEARCH_PATHS = "$(inherited) @executable_path/Frameworks";
				MODULE_NAME = ExampleApp;
				PRODUCT_BUNDLE_IDENTIFIER = "org.cocoapods.demo.$(PRODUCT_NAME:rfc1034identifier)";
				PRODUCT_NAME = "$(TARGET_NAME)";
				SWIFT_SWIFT3_OBJC_INFERENCE = Default;
				SWIFT_VERSION = 5.0;
			};
			name = Release;
		};
/* End XCBuildConfiguration section */

/* Begin XCConfigurationList section */
		3ACFA8E123E9359800180FDF /* Build configuration list for PBXNativeTarget "PinKitTests" */ = {
			isa = XCConfigurationList;
			buildConfigurations = (
				3ACFA8E223E9359800180FDF /* Debug */,
				3ACFA8E323E9359800180FDF /* Release */,
			);
			defaultConfigurationIsVisible = 0;
			defaultConfigurationName = Release;
		};
		607FACCB1AFB9204008FA782 /* Build configuration list for PBXProject "ComponentKit" */ = {
			isa = XCConfigurationList;
			buildConfigurations = (
				607FACED1AFB9204008FA782 /* Debug */,
				607FACEE1AFB9204008FA782 /* Release */,
			);
			defaultConfigurationIsVisible = 0;
			defaultConfigurationName = Release;
		};
		607FACEF1AFB9204008FA782 /* Build configuration list for PBXNativeTarget "ComponentKitExample" */ = {
			isa = XCConfigurationList;
			buildConfigurations = (
				607FACF01AFB9204008FA782 /* Debug */,
				607FACF11AFB9204008FA782 /* Release */,
			);
			defaultConfigurationIsVisible = 0;
			defaultConfigurationName = Release;
		};
/* End XCConfigurationList section */
	};
	rootObject = 607FACC81AFB9204008FA782 /* Project object */;
}
